{
  "requires": true,
  "lockfileVersion": 1,
  "dependencies": {
    "js-combinatorics": {
      "version": "0.5.4",
      "resolved": "https://registry.npmjs.org/js-combinatorics/-/js-combinatorics-0.5.4.tgz",
      "integrity": "sha512-PCqUIKGqv/Kjao1G4GE/Yni6QkCP2nWW3KnxL+8IGWPlP18vQpT8ufGMf4XUAAY8JHEryUCJbf51zG8329ntMg=="
    },
    "underscore": {
      "version": "1.9.1",
      "resolved": "https://registry.npmjs.org/underscore/-/underscore-1.9.1.tgz",
      "integrity": "sha512-5/4etnCkd9c8gwgowi5/om/mYO5ajCaOgdzj/oW+0eQV9WxKBDZw5+ycmKmeaTXjInS/W0BzpGLo2xR2aBwZdg=="
    }
  }
}
